
Microsoft Visual Studio Solution File, Format Version 12.00
# Visual Studio Version 17
VisualStudioVersion = 17.14.36109.1 d17.14
MinimumVisualStudioVersion = 10.0.40219.1
Project("{FAE04EC0-301F-11D3-BF4B-00C04F79EFBC}") = "eCommerce.API", "eCommerce.API\eCommerce.API.csproj", "{379BD2D7-08D0-4E10-B8DC-0DC8877BE329}"
EndProject
Project("{FAE04EC0-301F-11D3-BF4B-00C04F79EFBC}") = "eCommerce.Infrastructure", "eCommerce.Infrastructure\eCommerce.Infrastructure.csproj", "{018ED188-6F3C-4C12-98F1-351BCFA9D815}"
EndProject
Project("{FAE04EC0-301F-11D3-BF4B-00C04F79EFBC}") = "eCommerce.Core", "eCommerce.Core\eCommerce.Core.csproj", "{28FD458B-7EAA-4F51-B6D0-066976E9F145}"
EndProject
Global
	GlobalSection(SolutionConfigurationPlatforms) = preSolution
		Debug|Any CPU = Debug|Any CPU
		Release|Any CPU = Release|Any CPU
	EndGlobalSection
	GlobalSection(ProjectConfigurationPlatforms) = postSolution
		{379BD2D7-08D0-4E10-B8DC-0DC8877BE329}.Debug|Any CPU.ActiveCfg = Debug|Any CPU
		{379BD2D7-08D0-4E10-B8DC-0DC8877BE329}.Debug|Any CPU.Build.0 = Debug|Any CPU
		{379BD2D7-08D0-4E10-B8DC-0DC8877BE329}.Release|Any CPU.ActiveCfg = Release|Any CPU
		{379BD2D7-08D0-4E10-B8DC-0DC8877BE329}.Release|Any CPU.Build.0 = Release|Any CPU
		{018ED188-6F3C-4C12-98F1-351BCFA9D815}.Debug|Any CPU.ActiveCfg = Debug|Any CPU
		{018ED188-6F3C-4C12-98F1-351BCFA9D815}.Debug|Any CPU.Build.0 = Debug|Any CPU
		{018ED188-6F3C-4C12-98F1-351BCFA9D815}.Release|Any CPU.ActiveCfg = Release|Any CPU
		{018ED188-6F3C-4C12-98F1-351BCFA9D815}.Release|Any CPU.Build.0 = Release|Any CPU
		{28FD458B-7EAA-4F51-B6D0-066976E9F145}.Debug|Any CPU.ActiveCfg = Debug|Any CPU
		{28FD458B-7EAA-4F51-B6D0-066976E9F145}.Debug|Any CPU.Build.0 = Debug|Any CPU
		{28FD458B-7EAA-4F51-B6D0-066976E9F145}.Release|Any CPU.ActiveCfg = Release|Any CPU
		{28FD458B-7EAA-4F51-B6D0-066976E9F145}.Release|Any CPU.Build.0 = Release|Any CPU
	EndGlobalSection
	GlobalSection(SolutionProperties) = preSolution
		HideSolutionNode = FALSE
	EndGlobalSection
	GlobalSection(ExtensibilityGlobals) = postSolution
		SolutionGuid = {A6B1BACC-7763-47ED-8CD4-24F3367C31E6}
	EndGlobalSection
EndGlobal
